
Microsoft Visual Studio Solution File, Format Version 12.00
# Visual Studio Version 16
VisualStudioVersion = 16.0.30309.148
MinimumVisualStudioVersion = 10.0.40219.1
Project("{8BC9CEB8-8B4A-11D0-8D11-00A0C91BC942}") = "lan1", "lan1.vcxproj", "{DB5E7B50-A250-4A7E-B803-8446E3C18206}"
EndProject
Global
	GlobalSection(SolutionConfigurationPlatforms) = preSolution
		Debug|x64 = Debug|x64
		Debug|x86 = Debug|x86
		Release|x64 = Release|x64
		Release|x86 = Release|x86
	EndGlobalSection
	GlobalSection(ProjectConfigurationPlatforms) = postSolution
		{DB5E7B50-A250-4A7E-B803-8446E3C18206}.Debug|x64.ActiveCfg = Debug|x64
		{DB5E7B50-A250-4A7E-B803-8446E3C18206}.Debug|x64.Build.0 = Debug|x64
		{DB5E7B50-A250-4A7E-B803-8446E3C18206}.Debug|x86.ActiveCfg = Debug|Win32
		{DB5E7B50-A250-4A7E-B803-8446E3C18206}.Debug|x86.Build.0 = Debug|Win32
		{DB5E7B50-A250-4A7E-B803-8446E3C18206}.Release|x64.ActiveCfg = Release|x64
		{DB5E7B50-A250-4A7E-B803-8446E3C18206}.Release|x64.Build.0 = Release|x64
		{DB5E7B50-A250-4A7E-B803-8446E3C18206}.Release|x86.ActiveCfg = Release|Win32
		{DB5E7B50-A250-4A7E-B803-8446E3C18206}.Release|x86.Build.0 = Release|Win32
	EndGlobalSection
	GlobalSection(SolutionProperties) = preSolution
		HideSolutionNode = FALSE
	EndGlobalSection
	GlobalSection(ExtensibilityGlobals) = postSolution
		SolutionGuid = {8A47FFCA-33E0-46CC-BA99-06B7B0F003B3}
	EndGlobalSection
EndGlobal
